
Microsoft Visual Studio Solution File, Format Version 12.00
# Visual Studio Version 16
VisualStudioVersion = 16.0.30320.27
MinimumVisualStudioVersion = 10.0.40219.1
Project("{FAE04EC0-301F-11D3-BF4B-00C04F79EFBC}") = "WebApplication4", "WebApplication4\WebApplication4.csproj", "{FBA81AAB-8DFA-4B56-ACA9-8773A3A2BCB4}"
EndProject
Global
	GlobalSection(SolutionConfigurationPlatforms) = preSolution
		Debug|Any CPU = Debug|Any CPU
		Release|Any CPU = Release|Any CPU
	EndGlobalSection
	GlobalSection(ProjectConfigurationPlatforms) = postSolution
		{FBA81AAB-8DFA-4B56-ACA9-8773A3A2BCB4}.Debug|Any CPU.ActiveCfg = Debug|Any CPU
		{FBA81AAB-8DFA-4B56-ACA9-8773A3A2BCB4}.Debug|Any CPU.Build.0 = Debug|Any CPU
		{FBA81AAB-8DFA-4B56-ACA9-8773A3A2BCB4}.Release|Any CPU.ActiveCfg = Release|Any CPU
		{FBA81AAB-8DFA-4B56-ACA9-8773A3A2BCB4}.Release|Any CPU.Build.0 = Release|Any CPU
	EndGlobalSection
	GlobalSection(SolutionProperties) = preSolution
		HideSolutionNode = FALSE
	EndGlobalSection
	GlobalSection(ExtensibilityGlobals) = postSolution
		SolutionGuid = {9F59B039-7A6B-4089-9B49-91B294B6FF18}
	EndGlobalSection
EndGlobal
